<?xml version="1.0" encoding="utf-8"?>
<Project ToolsVersion="4.0" xmlns="http://schemas.microsoft.com/developer/msbuild/2003">
  <ItemGroup>
    <Filter Include="Source Files">
      <UniqueIdentifier>{4FC737F1-C7A5-4376-A066-2A32D752A2FF}</UniqueIdentifier>
      <Extensions>cpp;c;cc;cxx;def;odl;idl;hpj;bat;asm;asmx</Extensions>
    </Filter>
    <Filter Include="Header Files">
      <UniqueIdentifier>{93995380-89BD-4b04-88EB-625FBE52EBFB}</UniqueIdentifier>
      <Extensions>h;hh;hpp;hxx;hm;inl;inc;xsd</Extensions>
    </Filter>
    <Filter Include="Resource Files">
      <UniqueIdentifier>{67DA6AB6-F800-4c08-8B7A-83BB121AAD01}</UniqueIdentifier>
      <Extensions>rc;ico;cur;bmp;dlg;rc2;rct;bin;rgs;gif;jpg;jpeg;jpe;resx;tiff;tif;png;wav;mfcribbon-ms</Extensions>
    </Filter>
    <Filter Include="_core">
      <UniqueIdentifier>{7355cc19-c100-428d-8e8a-8c2dc39def77}</UniqueIdentifier>
    </Filter>
    <Filter Include="_core\avr">
      <UniqueIdentifier>{120733f7-3993-4bca-a677-faff1e4e5d2e}</UniqueIdentifier>
    </Filter>
    <Filter Include="_core\USB">
      <UniqueIdentifier>{0560bde7-0427-4787-8d27-50391b93f29b}</UniqueIdentifier>
    </Filter>
    <Filter Include="_libraries">
      <UniqueIdentifier>{5709c955-92c6-4747-9f1f-26caf4b3b42a}</UniqueIdentifier>
    </Filter>
  </ItemGroup>
  <ItemGroup>
    <None Include="IgnitionControl.ino" />
  </ItemGroup>
  <ItemGroup>
    <ClInclude Include="Visual Micro\.IgnitionControl.vsarduino.h">
      <Filter>Header Files</Filter>
    </ClInclude>
    <ClInclude Include="..\..\..\AppData\Roaming\arduino15\packages\arduino\hardware\sam\1.6.4\cores\arduino\Arduino.h">
      <Filter>_core</Filter>
    </ClInclude>
    <ClInclude Include="..\..\..\AppData\Roaming\arduino15\packages\arduino\hardware\sam\1.6.4\cores\arduino\binary.h">
      <Filter>_core</Filter>
    </ClInclude>
    <ClInclude Include="..\..\..\AppData\Roaming\arduino15\packages\arduino\hardware\sam\1.6.4\cores\arduino\Client.h">
      <Filter>_core</Filter>
    </ClInclude>
    <ClInclude Include="..\..\..\AppData\Roaming\arduino15\packages\arduino\hardware\sam\1.6.4\cores\arduino\HardwareSerial.h">
      <Filter>_core</Filter>
    </ClInclude>
    <ClInclude Include="..\..\..\AppData\Roaming\arduino15\packages\arduino\hardware\sam\1.6.4\cores\arduino\IPAddress.h">
      <Filter>_core</Filter>
    </ClInclude>
    <ClInclude Include="..\..\..\AppData\Roaming\arduino15\packages\arduino\hardware\sam\1.6.4\cores\arduino\itoa.h">
      <Filter>_core</Filter>
    </ClInclude>
    <ClInclude Include="..\..\..\AppData\Roaming\arduino15\packages\arduino\hardware\sam\1.6.4\cores\arduino\Print.h">
      <Filter>_core</Filter>
    </ClInclude>
    <ClInclude Include="..\..\..\AppData\Roaming\arduino15\packages\arduino\hardware\sam\1.6.4\cores\arduino\Printable.h">
      <Filter>_core</Filter>
    </ClInclude>
    <ClInclude Include="..\..\..\AppData\Roaming\arduino15\packages\arduino\hardware\sam\1.6.4\cores\arduino\Reset.h">
      <Filter>_core</Filter>
    </ClInclude>
    <ClInclude Include="..\..\..\AppData\Roaming\arduino15\packages\arduino\hardware\sam\1.6.4\cores\arduino\RingBuffer.h">
      <Filter>_core</Filter>
    </ClInclude>
    <ClInclude Include="..\..\..\AppData\Roaming\arduino15\packages\arduino\hardware\sam\1.6.4\cores\arduino\Server.h">
      <Filter>_core</Filter>
    </ClInclude>
    <ClInclude Include="..\..\..\AppData\Roaming\arduino15\packages\arduino\hardware\sam\1.6.4\cores\arduino\Stream.h">
      <Filter>_core</Filter>
    </ClInclude>
    <ClInclude Include="..\..\..\AppData\Roaming\arduino15\packages\arduino\hardware\sam\1.6.4\cores\arduino\syscalls.h">
      <Filter>_core</Filter>
    </ClInclude>
    <ClInclude Include="..\..\..\AppData\Roaming\arduino15\packages\arduino\hardware\sam\1.6.4\cores\arduino\Tone.h">
      <Filter>_core</Filter>
    </ClInclude>
    <ClInclude Include="..\..\..\AppData\Roaming\arduino15\packages\arduino\hardware\sam\1.6.4\cores\arduino\UARTClass.h">
      <Filter>_core</Filter>
    </ClInclude>
    <ClInclude Include="..\..\..\AppData\Roaming\arduino15\packages\arduino\hardware\sam\1.6.4\cores\arduino\Udp.h">
      <Filter>_core</Filter>
    </ClInclude>
    <ClInclude Include="..\..\..\AppData\Roaming\arduino15\packages\arduino\hardware\sam\1.6.4\cores\arduino\USARTClass.h">
      <Filter>_core</Filter>
    </ClInclude>
    <ClInclude Include="..\..\..\AppData\Roaming\arduino15\packages\arduino\hardware\sam\1.6.4\cores\arduino\WCharacter.h">
      <Filter>_core</Filter>
    </ClInclude>
    <ClInclude Include="..\..\..\AppData\Roaming\arduino15\packages\arduino\hardware\sam\1.6.4\cores\arduino\WInterrupts.h">
      <Filter>_core</Filter>
    </ClInclude>
    <ClInclude Include="..\..\..\AppData\Roaming\arduino15\packages\arduino\hardware\sam\1.6.4\cores\arduino\wiring.h">
      <Filter>_core</Filter>
    </ClInclude>
    <ClInclude Include="..\..\..\AppData\Roaming\arduino15\packages\arduino\hardware\sam\1.6.4\cores\arduino\wiring_analog.h">
      <Filter>_core</Filter>
    </ClInclude>
    <ClInclude Include="..\..\..\AppData\Roaming\arduino15\packages\arduino\hardware\sam\1.6.4\cores\arduino\wiring_constants.h">
      <Filter>_core</Filter>
    </ClInclude>
    <ClInclude Include="..\..\..\AppData\Roaming\arduino15\packages\arduino\hardware\sam\1.6.4\cores\arduino\wiring_digital.h">
      <Filter>_core</Filter>
    </ClInclude>
    <ClInclude Include="..\..\..\AppData\Roaming\arduino15\packages\arduino\hardware\sam\1.6.4\cores\arduino\wiring_private.h">
      <Filter>_core</Filter>
    </ClInclude>
    <ClInclude Include="..\..\..\AppData\Roaming\arduino15\packages\arduino\hardware\sam\1.6.4\cores\arduino\wiring_pulse.h">
      <Filter>_core</Filter>
    </ClInclude>
    <ClInclude Include="..\..\..\AppData\Roaming\arduino15\packages\arduino\hardware\sam\1.6.4\cores\arduino\wiring_shift.h">
      <Filter>_core</Filter>
    </ClInclude>
    <ClInclude Include="..\..\..\AppData\Roaming\arduino15\packages\arduino\hardware\sam\1.6.4\cores\arduino\WMath.h">
      <Filter>_core</Filter>
    </ClInclude>
    <ClInclude Include="..\..\..\AppData\Roaming\arduino15\packages\arduino\hardware\sam\1.6.4\cores\arduino\WString.h">
      <Filter>_core</Filter>
    </ClInclude>
    <ClInclude Include="..\..\..\AppData\Roaming\arduino15\packages\arduino\hardware\sam\1.6.4\cores\arduino\avr\dtostrf.h">
      <Filter>_core\avr</Filter>
    </ClInclude>
    <ClInclude Include="..\..\..\AppData\Roaming\arduino15\packages\arduino\hardware\sam\1.6.4\cores\arduino\avr\interrupt.h">
      <Filter>_core\avr</Filter>
    </ClInclude>
    <ClInclude Include="..\..\..\AppData\Roaming\arduino15\packages\arduino\hardware\sam\1.6.4\cores\arduino\avr\pgmspace.h">
      <Filter>_core\avr</Filter>
    </ClInclude>
    <ClInclude Include="..\..\..\AppData\Roaming\arduino15\packages\arduino\hardware\sam\1.6.4\cores\arduino\USB\USBAPI.h">
      <Filter>_core\USB</Filter>
    </ClInclude>
    <ClInclude Include="..\..\..\AppData\Roaming\arduino15\packages\arduino\hardware\sam\1.6.4\cores\arduino\USB\USBCore.h">
      <Filter>_core\USB</Filter>
    </ClInclude>
    <ClInclude Include="..\..\..\AppData\Roaming\arduino15\packages\arduino\hardware\sam\1.6.4\cores\arduino\USB\USBDesc.h">
      <Filter>_core\USB</Filter>
    </ClInclude>
    <ClInclude Include="..\..\..\AppData\Roaming\arduino15\packages\arduino\hardware\sam\1.6.4\variants\arduino_due_x\pins_arduino.h">
      <Filter>_core</Filter>
    </ClInclude>
    <ClInclude Include="..\..\..\AppData\Roaming\arduino15\packages\arduino\hardware\sam\1.6.4\variants\arduino_due_x\variant.h">
      <Filter>_core</Filter>
    </ClInclude>
    <ClInclude Include="DueTimerLite.h">
      <Filter>Header Files</Filter>
    </ClInclude>
    <ClInclude Include="FontDef.h">
      <Filter>Header Files</Filter>
    </ClInclude>
    <ClInclude Include="pin_magic.h">
      <Filter>Header Files</Filter>
    </ClInclude>
    <ClInclude Include="TFT8352.h">
      <Filter>Header Files</Filter>
    </ClInclude>
    <ClInclude Include="ads7843.h">
      <Filter>Source Files</Filter>
    </ClInclude>
  </ItemGroup>
  <ItemGroup>
    <ClCompile Include="..\..\..\AppData\Roaming\arduino15\packages\arduino\hardware\sam\1.6.4\cores\arduino\abi.cpp">
      <Filter>_core</Filter>
    </ClCompile>
    <ClCompile Include="..\..\..\AppData\Roaming\arduino15\packages\arduino\hardware\sam\1.6.4\cores\arduino\cortex_handlers.c">
      <Filter>_core</Filter>
    </ClCompile>
    <ClCompile Include="..\..\..\AppData\Roaming\arduino15\packages\arduino\hardware\sam\1.6.4\cores\arduino\hooks.c">
      <Filter>_core</Filter>
    </ClCompile>
    <ClCompile Include="..\..\..\AppData\Roaming\arduino15\packages\arduino\hardware\sam\1.6.4\cores\arduino\iar_calls_sam3.c">
      <Filter>_core</Filter>
    </ClCompile>
    <ClCompile Include="..\..\..\AppData\Roaming\arduino15\packages\arduino\hardware\sam\1.6.4\cores\arduino\IPAddress.cpp">
      <Filter>_core</Filter>
    </ClCompile>
    <ClCompile Include="..\..\..\AppData\Roaming\arduino15\packages\arduino\hardware\sam\1.6.4\cores\arduino\itoa.c">
      <Filter>_core</Filter>
    </ClCompile>
    <ClCompile Include="..\..\..\AppData\Roaming\arduino15\packages\arduino\hardware\sam\1.6.4\cores\arduino\main.cpp">
      <Filter>_core</Filter>
    </ClCompile>
    <ClCompile Include="..\..\..\AppData\Roaming\arduino15\packages\arduino\hardware\sam\1.6.4\cores\arduino\new.cpp">
      <Filter>_core</Filter>
    </ClCompile>
    <ClCompile Include="..\..\..\AppData\Roaming\arduino15\packages\arduino\hardware\sam\1.6.4\cores\arduino\Print.cpp">
      <Filter>_core</Filter>
    </ClCompile>
    <ClCompile Include="..\..\..\AppData\Roaming\arduino15\packages\arduino\hardware\sam\1.6.4\cores\arduino\Reset.cpp">
      <Filter>_core</Filter>
    </ClCompile>
    <ClCompile Include="..\..\..\AppData\Roaming\arduino15\packages\arduino\hardware\sam\1.6.4\cores\arduino\RingBuffer.cpp">
      <Filter>_core</Filter>
    </ClCompile>
    <ClCompile Include="..\..\..\AppData\Roaming\arduino15\packages\arduino\hardware\sam\1.6.4\cores\arduino\Stream.cpp">
      <Filter>_core</Filter>
    </ClCompile>
    <ClCompile Include="..\..\..\AppData\Roaming\arduino15\packages\arduino\hardware\sam\1.6.4\cores\arduino\syscalls_sam3.c">
      <Filter>_core</Filter>
    </ClCompile>
    <ClCompile Include="..\..\..\AppData\Roaming\arduino15\packages\arduino\hardware\sam\1.6.4\cores\arduino\UARTClass.cpp">
      <Filter>_core</Filter>
    </ClCompile>
    <ClCompile Include="..\..\..\AppData\Roaming\arduino15\packages\arduino\hardware\sam\1.6.4\cores\arduino\USARTClass.cpp">
      <Filter>_core</Filter>
    </ClCompile>
    <ClCompile Include="..\..\..\AppData\Roaming\arduino15\packages\arduino\hardware\sam\1.6.4\cores\arduino\WInterrupts.c">
      <Filter>_core</Filter>
    </ClCompile>
    <ClCompile Include="..\..\..\AppData\Roaming\arduino15\packages\arduino\hardware\sam\1.6.4\cores\arduino\wiring.c">
      <Filter>_core</Filter>
    </ClCompile>
    <ClCompile Include="..\..\..\AppData\Roaming\arduino15\packages\arduino\hardware\sam\1.6.4\cores\arduino\wiring_analog.c">
      <Filter>_core</Filter>
    </ClCompile>
    <ClCompile Include="..\..\..\AppData\Roaming\arduino15\packages\arduino\hardware\sam\1.6.4\cores\arduino\wiring_digital.c">
      <Filter>_core</Filter>
    </ClCompile>
    <ClCompile Include="..\..\..\AppData\Roaming\arduino15\packages\arduino\hardware\sam\1.6.4\cores\arduino\wiring_pulse.cpp">
      <Filter>_core</Filter>
    </ClCompile>
    <ClCompile Include="..\..\..\AppData\Roaming\arduino15\packages\arduino\hardware\sam\1.6.4\cores\arduino\wiring_shift.c">
      <Filter>_core</Filter>
    </ClCompile>
    <ClCompile Include="..\..\..\AppData\Roaming\arduino15\packages\arduino\hardware\sam\1.6.4\cores\arduino\WMath.cpp">
      <Filter>_core</Filter>
    </ClCompile>
    <ClCompile Include="..\..\..\AppData\Roaming\arduino15\packages\arduino\hardware\sam\1.6.4\cores\arduino\WString.cpp">
      <Filter>_core</Filter>
    </ClCompile>
    <ClCompile Include="..\..\..\AppData\Roaming\arduino15\packages\arduino\hardware\sam\1.6.4\cores\arduino\avr\dtostrf.c">
      <Filter>_core\avr</Filter>
    </ClCompile>
    <ClCompile Include="..\..\..\AppData\Roaming\arduino15\packages\arduino\hardware\sam\1.6.4\cores\arduino\USB\CDC.cpp">
      <Filter>_core\USB</Filter>
    </ClCompile>
    <ClCompile Include="..\..\..\AppData\Roaming\arduino15\packages\arduino\hardware\sam\1.6.4\cores\arduino\USB\HID.cpp">
      <Filter>_core\USB</Filter>
    </ClCompile>
    <ClCompile Include="..\..\..\AppData\Roaming\arduino15\packages\arduino\hardware\sam\1.6.4\cores\arduino\USB\USBCore.cpp">
      <Filter>_core\USB</Filter>
    </ClCompile>
    <ClCompile Include="ads7843.cpp">
      <Filter>Source Files</Filter>
    </ClCompile>
    <ClCompile Include="DueTimerLite.cpp">
      <Filter>Source Files</Filter>
    </ClCompile>
    <ClCompile Include="TFT8352.cpp">
      <Filter>Source Files</Filter>
    </ClCompile>
  </ItemGroup>
</Project>